
Microsoft Visual Studio Solution File, Format Version 12.00
# Visual Studio Version 16
VisualStudioVersion = 16.0.31613.86
MinimumVisualStudioVersion = 10.0.40219.1
Project("{9A19103F-16F7-4668-BE54-9A1E7A4F7556}") = "firstproj", "firstproj\firstproj.csproj", "{8C96F300-E812-42F9-8573-A01741F77126}"
EndProject
Project("{FAE04EC0-301F-11D3-BF4B-00C04F79EFBC}") = "BusinessLayer", "BusinessLayer\BusinessLayer.csproj", "{63713CC7-A1EB-4315-85CF-B526D3481231}"
EndProject
Project("{FAE04EC0-301F-11D3-BF4B-00C04F79EFBC}") = "DataLayer", "DataLayer\DataLayer.csproj", "{612E53C9-574B-4926-AB74-C64C8FA28CED}"
EndProject
Global
	GlobalSection(SolutionConfigurationPlatforms) = preSolution
		Debug|Any CPU = Debug|Any CPU
		Release|Any CPU = Release|Any CPU
	EndGlobalSection
	GlobalSection(ProjectConfigurationPlatforms) = postSolution
		{8C96F300-E812-42F9-8573-A01741F77126}.Debug|Any CPU.ActiveCfg = Debug|Any CPU
		{8C96F300-E812-42F9-8573-A01741F77126}.Debug|Any CPU.Build.0 = Debug|Any CPU
		{8C96F300-E812-42F9-8573-A01741F77126}.Release|Any CPU.ActiveCfg = Release|Any CPU
		{8C96F300-E812-42F9-8573-A01741F77126}.Release|Any CPU.Build.0 = Release|Any CPU
		{63713CC7-A1EB-4315-85CF-B526D3481231}.Debug|Any CPU.ActiveCfg = Debug|Any CPU
		{63713CC7-A1EB-4315-85CF-B526D3481231}.Debug|Any CPU.Build.0 = Debug|Any CPU
		{63713CC7-A1EB-4315-85CF-B526D3481231}.Release|Any CPU.ActiveCfg = Release|Any CPU
		{63713CC7-A1EB-4315-85CF-B526D3481231}.Release|Any CPU.Build.0 = Release|Any CPU
		{612E53C9-574B-4926-AB74-C64C8FA28CED}.Debug|Any CPU.ActiveCfg = Debug|Any CPU
		{612E53C9-574B-4926-AB74-C64C8FA28CED}.Debug|Any CPU.Build.0 = Debug|Any CPU
		{612E53C9-574B-4926-AB74-C64C8FA28CED}.Release|Any CPU.ActiveCfg = Release|Any CPU
		{612E53C9-574B-4926-AB74-C64C8FA28CED}.Release|Any CPU.Build.0 = Release|Any CPU
	EndGlobalSection
	GlobalSection(SolutionProperties) = preSolution
		HideSolutionNode = FALSE
	EndGlobalSection
	GlobalSection(ExtensibilityGlobals) = postSolution
		SolutionGuid = {A057838D-165A-4471-B72E-2E2AE8C4ADB3}
	EndGlobalSection
EndGlobal
